{
  "nodes": {
    "nixpkgs": {
      "locked": {
        "lastModified": 1678418513,
        "narHash": "sha256-HLLR2Fmkn3TgD0F+u5gMcTKx5YzAU1rbS4cLfm6ugiU=",
        "owner": "NixOS",
        "repo": "nixpkgs",
        "rev": "5496585eb876f2ce97654bc8f96838c6f8642563",
        "type": "github"
      },
      "original": {
        "owner": "NixOS",
        "ref": "nixpkgs-unstable",
        "repo": "nixpkgs",
        "type": "github"
      }
    },
    "nixpkgs-stable": {
      "locked": {
        "lastModified": 1676771332,
        "narHash": "sha256-YYn2K0AwyIyCzvP7C+xzEt64rlCRPyrllRPGNNu+50M=",
        "owner": "NixOS",
        "repo": "nixpkgs",
        "rev": "f27a4e2f6a3a23b843ca1c736e6043fb8b99acc1",
        "type": "github"
      },
      "original": {
        "owner": "NixOS",
        "ref": "release-22.11",
        "repo": "nixpkgs",
        "type": "github"
      }
    },
    "root": {
      "inputs": {
        "sops-nix": "sops-nix"
      }
    },
    "sops-nix": {
      "inputs": {
        "nixpkgs": "nixpkgs",
        "nixpkgs-stable": "nixpkgs-stable"
      },
      "locked": {
        "lastModified": 1676959847,
        "narHash": "sha256-KZS6sIsMXiNyN7jW45MrEo95iEXj6nMLKvxgxO181no=",
        "owner": "Mic92",
        "repo": "sops-nix",
        "rev": "2c5828439d718a6cddd9a511997d9ac7626a4aff",
        "type": "github"
      },
      "original": {
        "owner": "Mic92",
        "repo": "sops-nix",
        "type": "github"
      }
    }
  },
  "root": "root",
  "version": 7
}
